
Microsoft Visual Studio Solution File, Format Version 12.00
# Visual Studio 14
VisualStudioVersion = 14.0.25420.1
MinimumVisualStudioVersion = 10.0.40219.1
Project("{2150E333-8FDC-42A3-9474-1A3956D46DE8}") = "Libraries", "Libraries", "{D51E3ADD-2AEF-4AA7-AA5F-F9A138FF0C36}"
EndProject
Project("{2150E333-8FDC-42A3-9474-1A3956D46DE8}") = "Presentation", "Presentation", "{FA996BC9-B3DB-4530-998D-66A720BD407C}"
EndProject
Project("{2150E333-8FDC-42A3-9474-1A3956D46DE8}") = "CRM.Core", "CRM.Core", "{3627DABD-7249-4CAE-A023-2A3DC604626E}"
EndProject
Project("{2150E333-8FDC-42A3-9474-1A3956D46DE8}") = "CRM.Data", "CRM.Data", "{65ECCF1A-60FC-4CB7-81B6-D9C85B3191F1}"
EndProject
Project("{2150E333-8FDC-42A3-9474-1A3956D46DE8}") = "CRM.Services", "CRM.Services", "{D49725C0-E57E-4E0A-902B-3172E018901C}"
EndProject
Project("{2150E333-8FDC-42A3-9474-1A3956D46DE8}") = "CRM.Web", "CRM.Web", "{7BC04B50-8837-4BC9-8F55-5E68CDAECBE1}"
EndProject
Project("{FAE04EC0-301F-11D3-BF4B-00C04F79EFBC}") = "CRM.Core", "CRM.Core\CRM.Core.csproj", "{32AB8FC5-B61F-4FA2-93EC-A8AF1A187416}"
EndProject
Project("{FAE04EC0-301F-11D3-BF4B-00C04F79EFBC}") = "CRM.Data", "CRM.Data\CRM.Data.csproj", "{1E2E0EA1-076D-4F91-AE05-0C0ABB09E1D7}"
EndProject
Project("{FAE04EC0-301F-11D3-BF4B-00C04F79EFBC}") = "CRM.Service", "CRM.Service\CRM.Service.csproj", "{EC7A0AD7-ECE9-4585-911E-CA34842C0BE8}"
EndProject
Project("{FAE04EC0-301F-11D3-BF4B-00C04F79EFBC}") = "CRM.Project", "CRM.Project\CRM.Project.csproj", "{426367A4-8A89-46A3-A4AF-6622338658CD}"
EndProject
Project("{FAE04EC0-301F-11D3-BF4B-00C04F79EFBC}") = "CRM.Project.Tests", "CRM.Project.Tests\CRM.Project.Tests.csproj", "{1395C1C8-681A-4157-8AD6-4BE409DFDAFF}"
EndProject
Global
	GlobalSection(SolutionConfigurationPlatforms) = preSolution
		Debug|Any CPU = Debug|Any CPU
		Release|Any CPU = Release|Any CPU
	EndGlobalSection
	GlobalSection(ProjectConfigurationPlatforms) = postSolution
		{32AB8FC5-B61F-4FA2-93EC-A8AF1A187416}.Debug|Any CPU.ActiveCfg = Debug|Any CPU
		{32AB8FC5-B61F-4FA2-93EC-A8AF1A187416}.Debug|Any CPU.Build.0 = Debug|Any CPU
		{32AB8FC5-B61F-4FA2-93EC-A8AF1A187416}.Release|Any CPU.ActiveCfg = Release|Any CPU
		{32AB8FC5-B61F-4FA2-93EC-A8AF1A187416}.Release|Any CPU.Build.0 = Release|Any CPU
		{1E2E0EA1-076D-4F91-AE05-0C0ABB09E1D7}.Debug|Any CPU.ActiveCfg = Debug|Any CPU
		{1E2E0EA1-076D-4F91-AE05-0C0ABB09E1D7}.Debug|Any CPU.Build.0 = Debug|Any CPU
		{1E2E0EA1-076D-4F91-AE05-0C0ABB09E1D7}.Release|Any CPU.ActiveCfg = Release|Any CPU
		{1E2E0EA1-076D-4F91-AE05-0C0ABB09E1D7}.Release|Any CPU.Build.0 = Release|Any CPU
		{EC7A0AD7-ECE9-4585-911E-CA34842C0BE8}.Debug|Any CPU.ActiveCfg = Debug|Any CPU
		{EC7A0AD7-ECE9-4585-911E-CA34842C0BE8}.Debug|Any CPU.Build.0 = Debug|Any CPU
		{EC7A0AD7-ECE9-4585-911E-CA34842C0BE8}.Release|Any CPU.ActiveCfg = Release|Any CPU
		{EC7A0AD7-ECE9-4585-911E-CA34842C0BE8}.Release|Any CPU.Build.0 = Release|Any CPU
		{426367A4-8A89-46A3-A4AF-6622338658CD}.Debug|Any CPU.ActiveCfg = Debug|Any CPU
		{426367A4-8A89-46A3-A4AF-6622338658CD}.Debug|Any CPU.Build.0 = Debug|Any CPU
		{426367A4-8A89-46A3-A4AF-6622338658CD}.Release|Any CPU.ActiveCfg = Release|Any CPU
		{426367A4-8A89-46A3-A4AF-6622338658CD}.Release|Any CPU.Build.0 = Release|Any CPU
		{1395C1C8-681A-4157-8AD6-4BE409DFDAFF}.Debug|Any CPU.ActiveCfg = Debug|Any CPU
		{1395C1C8-681A-4157-8AD6-4BE409DFDAFF}.Debug|Any CPU.Build.0 = Debug|Any CPU
		{1395C1C8-681A-4157-8AD6-4BE409DFDAFF}.Release|Any CPU.ActiveCfg = Release|Any CPU
		{1395C1C8-681A-4157-8AD6-4BE409DFDAFF}.Release|Any CPU.Build.0 = Release|Any CPU
	EndGlobalSection
	GlobalSection(SolutionProperties) = preSolution
		HideSolutionNode = FALSE
	EndGlobalSection
	GlobalSection(NestedProjects) = preSolution
		{3627DABD-7249-4CAE-A023-2A3DC604626E} = {D51E3ADD-2AEF-4AA7-AA5F-F9A138FF0C36}
		{65ECCF1A-60FC-4CB7-81B6-D9C85B3191F1} = {D51E3ADD-2AEF-4AA7-AA5F-F9A138FF0C36}
		{D49725C0-E57E-4E0A-902B-3172E018901C} = {D51E3ADD-2AEF-4AA7-AA5F-F9A138FF0C36}
		{7BC04B50-8837-4BC9-8F55-5E68CDAECBE1} = {FA996BC9-B3DB-4530-998D-66A720BD407C}
		{32AB8FC5-B61F-4FA2-93EC-A8AF1A187416} = {3627DABD-7249-4CAE-A023-2A3DC604626E}
		{1E2E0EA1-076D-4F91-AE05-0C0ABB09E1D7} = {65ECCF1A-60FC-4CB7-81B6-D9C85B3191F1}
		{EC7A0AD7-ECE9-4585-911E-CA34842C0BE8} = {D49725C0-E57E-4E0A-902B-3172E018901C}
		{426367A4-8A89-46A3-A4AF-6622338658CD} = {7BC04B50-8837-4BC9-8F55-5E68CDAECBE1}
		{1395C1C8-681A-4157-8AD6-4BE409DFDAFF} = {7BC04B50-8837-4BC9-8F55-5E68CDAECBE1}
	EndGlobalSection
EndGlobal
