
Microsoft Visual Studio Solution File, Format Version 12.00
# Visual Studio 15
VisualStudioVersion = 15.0.28307.421
MinimumVisualStudioVersion = 10.0.40219.1
Project("{2150E333-8FDC-42A3-9474-1A3956D46DE8}") = "src", "src", "{100A650A-8B3F-4CFA-AED8-CF84B9DEC7C5}"
EndProject
Project("{2150E333-8FDC-42A3-9474-1A3956D46DE8}") = "ICS.Api", "ICS.Api", "{63FB3B34-43A8-4BF7-B5F8-C29DD6588418}"
EndProject
Project("{2150E333-8FDC-42A3-9474-1A3956D46DE8}") = "ICS.Services", "ICS.Services", "{61BC00CA-1DDF-418E-AB14-077D0CF93E24}"
EndProject
Project("{2150E333-8FDC-42A3-9474-1A3956D46DE8}") = "ICS.Initializer", "ICS.Initializer", "{B4345C8E-4B43-498E-A45B-19C3D081B837}"
EndProject
Project("{FAE04EC0-301F-11D3-BF4B-00C04F79EFBC}") = "ICS.WebApi", "ICS.WebApi\ICS.WebApi.csproj", "{2DE4C360-2CB1-4E46-ACF2-83B6BD756B2C}"
EndProject
Project("{FAE04EC0-301F-11D3-BF4B-00C04F79EFBC}") = "ICS.WebApi.Tests", "ICS.WebApi.Tests\ICS.WebApi.Tests.csproj", "{098A33CA-D1FF-4B3A-90F9-F176A5D9A0C6}"
EndProject
Project("{FAE04EC0-301F-11D3-BF4B-00C04F79EFBC}") = "ICS.Initializer", "ICS.Initializer\ICS.Initializer.csproj", "{06EE5120-1D60-438B-92FE-0242E0EE26B9}"
EndProject
Project("{FAE04EC0-301F-11D3-BF4B-00C04F79EFBC}") = "ICS.Services", "ICS.Services\ICS.Services.csproj", "{D1D7DF82-F1EF-4524-9B02-404AEDB1C9C6}"
EndProject
Project("{FAE04EC0-301F-11D3-BF4B-00C04F79EFBC}") = "ICS.Services.Tests", "ICS.Services.Tests\ICS.Services.Tests.csproj", "{82C84DF7-B6E9-40F4-8BDA-0D9549BBD51A}"
EndProject
Global
	GlobalSection(SolutionConfigurationPlatforms) = preSolution
		Debug|Any CPU = Debug|Any CPU
		Release|Any CPU = Release|Any CPU
	EndGlobalSection
	GlobalSection(ProjectConfigurationPlatforms) = postSolution
		{2DE4C360-2CB1-4E46-ACF2-83B6BD756B2C}.Debug|Any CPU.ActiveCfg = Debug|Any CPU
		{2DE4C360-2CB1-4E46-ACF2-83B6BD756B2C}.Debug|Any CPU.Build.0 = Debug|Any CPU
		{2DE4C360-2CB1-4E46-ACF2-83B6BD756B2C}.Release|Any CPU.ActiveCfg = Release|Any CPU
		{2DE4C360-2CB1-4E46-ACF2-83B6BD756B2C}.Release|Any CPU.Build.0 = Release|Any CPU
		{098A33CA-D1FF-4B3A-90F9-F176A5D9A0C6}.Debug|Any CPU.ActiveCfg = Debug|Any CPU
		{098A33CA-D1FF-4B3A-90F9-F176A5D9A0C6}.Debug|Any CPU.Build.0 = Debug|Any CPU
		{098A33CA-D1FF-4B3A-90F9-F176A5D9A0C6}.Release|Any CPU.ActiveCfg = Release|Any CPU
		{098A33CA-D1FF-4B3A-90F9-F176A5D9A0C6}.Release|Any CPU.Build.0 = Release|Any CPU
		{06EE5120-1D60-438B-92FE-0242E0EE26B9}.Debug|Any CPU.ActiveCfg = Debug|Any CPU
		{06EE5120-1D60-438B-92FE-0242E0EE26B9}.Debug|Any CPU.Build.0 = Debug|Any CPU
		{06EE5120-1D60-438B-92FE-0242E0EE26B9}.Release|Any CPU.ActiveCfg = Release|Any CPU
		{06EE5120-1D60-438B-92FE-0242E0EE26B9}.Release|Any CPU.Build.0 = Release|Any CPU
		{D1D7DF82-F1EF-4524-9B02-404AEDB1C9C6}.Debug|Any CPU.ActiveCfg = Debug|Any CPU
		{D1D7DF82-F1EF-4524-9B02-404AEDB1C9C6}.Debug|Any CPU.Build.0 = Debug|Any CPU
		{D1D7DF82-F1EF-4524-9B02-404AEDB1C9C6}.Release|Any CPU.ActiveCfg = Release|Any CPU
		{D1D7DF82-F1EF-4524-9B02-404AEDB1C9C6}.Release|Any CPU.Build.0 = Release|Any CPU
		{82C84DF7-B6E9-40F4-8BDA-0D9549BBD51A}.Debug|Any CPU.ActiveCfg = Debug|Any CPU
		{82C84DF7-B6E9-40F4-8BDA-0D9549BBD51A}.Debug|Any CPU.Build.0 = Debug|Any CPU
		{82C84DF7-B6E9-40F4-8BDA-0D9549BBD51A}.Release|Any CPU.ActiveCfg = Release|Any CPU
		{82C84DF7-B6E9-40F4-8BDA-0D9549BBD51A}.Release|Any CPU.Build.0 = Release|Any CPU
	EndGlobalSection
	GlobalSection(SolutionProperties) = preSolution
		HideSolutionNode = FALSE
	EndGlobalSection
	GlobalSection(NestedProjects) = preSolution
		{63FB3B34-43A8-4BF7-B5F8-C29DD6588418} = {100A650A-8B3F-4CFA-AED8-CF84B9DEC7C5}
		{61BC00CA-1DDF-418E-AB14-077D0CF93E24} = {100A650A-8B3F-4CFA-AED8-CF84B9DEC7C5}
		{B4345C8E-4B43-498E-A45B-19C3D081B837} = {100A650A-8B3F-4CFA-AED8-CF84B9DEC7C5}
		{2DE4C360-2CB1-4E46-ACF2-83B6BD756B2C} = {63FB3B34-43A8-4BF7-B5F8-C29DD6588418}
		{098A33CA-D1FF-4B3A-90F9-F176A5D9A0C6} = {63FB3B34-43A8-4BF7-B5F8-C29DD6588418}
		{06EE5120-1D60-438B-92FE-0242E0EE26B9} = {B4345C8E-4B43-498E-A45B-19C3D081B837}
		{D1D7DF82-F1EF-4524-9B02-404AEDB1C9C6} = {61BC00CA-1DDF-418E-AB14-077D0CF93E24}
		{82C84DF7-B6E9-40F4-8BDA-0D9549BBD51A} = {61BC00CA-1DDF-418E-AB14-077D0CF93E24}
	EndGlobalSection
	GlobalSection(ExtensibilityGlobals) = postSolution
		SolutionGuid = {5C0BDDC9-95E5-4C7D-810A-25A02A18C1B0}
	EndGlobalSection
EndGlobal
